
Microsoft Visual Studio Solution File, Format Version 12.00
# Visual Studio Version 17
VisualStudioVersion = 17.7.34221.43
MinimumVisualStudioVersion = 10.0.40219.1
Project("{9A19103F-16F7-4668-BE54-9A1E7A4F7556}") = "StudentApp", "StudentApp.csproj", "{1943B170-6C8B-4E0F-8E4B-B42310F74744}"
EndProject
Global
	GlobalSection(SolutionConfigurationPlatforms) = preSolution
		Debug|Any CPU = Debug|Any CPU
		Release|Any CPU = Release|Any CPU
	EndGlobalSection
	GlobalSection(ProjectConfigurationPlatforms) = postSolution
		{1943B170-6C8B-4E0F-8E4B-B42310F74744}.Debug|Any CPU.ActiveCfg = Debug|Any CPU
		{1943B170-6C8B-4E0F-8E4B-B42310F74744}.Debug|Any CPU.Build.0 = Debug|Any CPU
		{1943B170-6C8B-4E0F-8E4B-B42310F74744}.Release|Any CPU.ActiveCfg = Release|Any CPU
		{1943B170-6C8B-4E0F-8E4B-B42310F74744}.Release|Any CPU.Build.0 = Release|Any CPU
	EndGlobalSection
	GlobalSection(SolutionProperties) = preSolution
		HideSolutionNode = FALSE
	EndGlobalSection
	GlobalSection(ExtensibilityGlobals) = postSolution
		SolutionGuid = {27F345B9-7DD1-4C0E-95B9-B8D85BD9D398}
	EndGlobalSection
EndGlobal
